<?xml version="1.0" encoding="utf-8"?>
<Project ToolsVersion="4.0" xmlns="http://schemas.microsoft.com/developer/msbuild/2003">
  <ItemGroup>
    <Filter Include="Source Files">
      <UniqueIdentifier>{4FC737F1-C7A5-4376-A066-2A32D752A2FF}</UniqueIdentifier>
      <Extensions>cpp;c;cc;cxx;c++;cppm;ixx;def;odl;idl;hpj;bat;asm;asmx</Extensions>
    </Filter>
    <Filter Include="Header Files">
      <UniqueIdentifier>{93995380-89BD-4b04-88EB-625FBE52EBFB}</UniqueIdentifier>
      <Extensions>h;hh;hpp;hxx;h++;hm;inl;inc;ipp;xsd</Extensions>
    </Filter>
    <Filter Include="Resource Files">
      <UniqueIdentifier>{67DA6AB6-F800-4c08-8B7A-83BB121AAD01}</UniqueIdentifier>
      <Extensions>rc;ico;cur;bmp;dlg;rc2;rct;bin;rgs;gif;jpg;jpeg;jpe;resx;tiff;tif;png;wav;mfcribbon-ms</Extensions>
    </Filter>
  </ItemGroup>
  <ItemGroup>
    <Text Include="..\..\..\Users\almos\Downloads\libESPER-main\CMakeLists.txt" />
    <Text Include="..\..\..\Users\almos\Downloads\libESPER-main\COPYING.txt" />
    <Text Include="nfft_win\readme-windows.txt" />
    <Text Include="hllibesper\x64\Debug\hllibesper.log" />
  </ItemGroup>
  <ItemGroup>
    <None Include="..\..\..\Users\almos\Downloads\libESPER-main\README.md" />
    <None Include="esper.def">
      <Filter>Source Files</Filter>
    </None>
    <None Include="nfft_win\COPYING" />
    <None Include="nfft_win\libnfft3_threads-4.def">
      <Filter>Source Files</Filter>
    </None>
    <None Include="nfft_win\libnfft3_threads-4.dll" />
    <None Include="nfft_win\libnfft3_threads-4.exp" />
    <None Include="fftw_win\README-WINDOWS" />
    <None Include="fftw_win\COPYING" />
    <None Include="fftw_win\COPYRIGHT" />
    <None Include="fftw_win\fftwf-wisdom.exe" />
    <None Include="fftw_win\fftwl-wisdom.exe" />
    <None Include="fftw_win\fftw-wisdom.exe" />
    <None Include="fftw_win\libfftw3-3.def">
      <Filter>Source Files</Filter>
    </None>
    <None Include="fftw_win\libfftw3-3.dll" />
    <None Include="fftw_win\libfftw3-3.exp" />
    <None Include="fftw_win\libfftw3f-3.def">
      <Filter>Source Files</Filter>
    </None>
    <None Include="fftw_win\libfftw3f-3.dll" />
    <None Include="fftw_win\libfftw3f-3.exp" />
    <None Include="fftw_win\libfftw3l-3.def">
      <Filter>Source Files</Filter>
    </None>
    <None Include="fftw_win\libfftw3l-3.dll" />
    <None Include="fftw_win\libfftw3l-3.exp" />
    <None Include="fftw_win\NEWS" />
    <None Include="fftw_win\README" />
    <None Include="hllibesper\x64\Debug\hllibesper.tlog\hllibesper.lastbuildstate" />
    <None Include="hllibesper\x64\Debug\hllibesper.dll.recipe" />
  </ItemGroup>
  <ItemGroup>
    <ClCompile Include="libesper.cpp">
      <Filter>Source Files</Filter>
    </ClCompile>
    <ClCompile Include="nfft_win\simple_test.c">
      <Filter>Source Files</Filter>
    </ClCompile>
    <ClCompile Include="src\fft.c">
      <Filter>Source Files</Filter>
    </ClCompile>
    <ClCompile Include="src\interpolation.c">
      <Filter>Source Files</Filter>
    </ClCompile>
    <ClCompile Include="src\util.c">
      <Filter>Source Files</Filter>
    </ClCompile>
    <ClCompile Include="src\Resampler\loop.c">
      <Filter>Source Files</Filter>
    </ClCompile>
    <ClCompile Include="src\Resampler\resampler.c">
      <Filter>Source Files</Filter>
    </ClCompile>
    <ClCompile Include="src\Renderer\modifiers.c">
      <Filter>Source Files</Filter>
    </ClCompile>
    <ClCompile Include="src\Renderer\renderer.c">
      <Filter>Source Files</Filter>
    </ClCompile>
    <ClCompile Include="src\ESPER\components.c">
      <Filter>Source Files</Filter>
    </ClCompile>
    <ClCompile Include="src\ESPER\esper.c">
      <Filter>Source Files</Filter>
    </ClCompile>
    <ClCompile Include="src\ESPER\pitchCalcFallback.c">
      <Filter>Source Files</Filter>
    </ClCompile>
  </ItemGroup>
  <ItemGroup>
    <ClInclude Include="esper.h">
      <Filter>Header Files</Filter>
    </ClInclude>
    <ClInclude Include="nfft_win\fftw3.h">
      <Filter>Header Files</Filter>
    </ClInclude>
    <ClInclude Include="nfft_win\nfft3.h">
      <Filter>Header Files</Filter>
    </ClInclude>
    <ClInclude Include="nfft_win\nfft3mp.h">
      <Filter>Header Files</Filter>
    </ClInclude>
    <ClInclude Include="fftw_win\fftw3.h">
      <Filter>Header Files</Filter>
    </ClInclude>
    <ClInclude Include="src\fft.h">
      <Filter>Header Files</Filter>
    </ClInclude>
    <ClInclude Include="src\interpolation.h">
      <Filter>Header Files</Filter>
    </ClInclude>
    <ClInclude Include="src\util.h">
      <Filter>Header Files</Filter>
    </ClInclude>
    <ClInclude Include="src\Resampler\loop.h">
      <Filter>Header Files</Filter>
    </ClInclude>
    <ClInclude Include="src\Resampler\resampler.h">
      <Filter>Header Files</Filter>
    </ClInclude>
    <ClInclude Include="src\Renderer\modifiers.h">
      <Filter>Header Files</Filter>
    </ClInclude>
    <ClInclude Include="src\Renderer\renderer.h">
      <Filter>Header Files</Filter>
    </ClInclude>
    <ClInclude Include="src\ESPER\components.h">
      <Filter>Header Files</Filter>
    </ClInclude>
    <ClInclude Include="src\ESPER\esper.h">
      <Filter>Header Files</Filter>
    </ClInclude>
    <ClInclude Include="src\ESPER\pitchCalcFallback.h">
      <Filter>Header Files</Filter>
    </ClInclude>
  </ItemGroup>
  <ItemGroup>
    <Library Include="nfft_win\libnfft3_threads-4.lib" />
    <Library Include="fftw_win\libfftw3-3.lib" />
    <Library Include="fftw_win\libfftw3f-3.lib" />
    <Library Include="fftw_win\libfftw3l-3.lib" />
  </ItemGroup>
</Project>